// !$*UTF8*$!
{
	archiveVersion = 1;
	classes = {
	};
	objectVersion = 50;
	objects = {

/* Begin PBXBuildFile section */
		52FAE0CD23F014A80074C4CF /* AppDelegate.swift in Sources */ = {isa = PBXBuildFile; fileRef = 52FAE0CC23F014A80074C4CF /* AppDelegate.swift */; };
		52FAE0D123F014A80074C4CF /* ViewController.swift in Sources */ = {isa = PBXBuildFile; fileRef = 52FAE0D023F014A80074C4CF /* ViewController.swift */; };
		52FAE0D623F014AB0074C4CF /* Assets.xcassets in Resources */ = {isa = PBXBuildFile; fileRef = 52FAE0D523F014AB0074C4CF /* Assets.xcassets */; };
		52FAE0D923F014AB0074C4CF /* LaunchScreen.storyboard in Resources */ = {isa = PBXBuildFile; fileRef = 52FAE0D723F014AB0074C4CF /* LaunchScreen.storyboard */; };
		52FAE0E423F014AB0074C4CF /* TelstraPOCTests.swift in Sources */ = {isa = PBXBuildFile; fileRef = 52FAE0E323F014AB0074C4CF /* TelstraPOCTests.swift */; };
/* End PBXBuildFile section */

/* Begin PBXContainerItemProxy section */
		52FAE0E023F014AB0074C4CF /* PBXContainerItemProxy */ = {
			isa = PBXContainerItemProxy;
			containerPortal = 52FAE0C123F014A80074C4CF /* Project object */;
			proxyType = 1;
			remoteGlobalIDString = 52FAE0C823F014A80074C4CF;
			remoteInfo = TelstraPOC;
		};
/* End PBXContainerItemProxy section */

/* Begin PBXFileReference section */
		52FAE0C923F014A80074C4CF /* TelstraPOC.app */ = {isa = PBXFileReference; explicitFileType = wrapper.application; includeInIndex = 0; path = TelstraPOC.app; sourceTree = BUILT_PRODUCTS_DIR; };
		52FAE0CC23F014A80074C4CF /* AppDelegate.swift */ = {isa = PBXFileReference; lastKnownFileType = sourcecode.swift; path = AppDelegate.swift; sourceTree = "<group>"; };
		52FAE0D023F014A80074C4CF /* ViewController.swift */ = {isa = PBXFileReference; lastKnownFileType = sourcecode.swift; path = ViewController.swift; sourceTree = "<group>"; };
		52FAE0D523F014AB0074C4CF /* Assets.xcassets */ = {isa = PBXFileReference; lastKnownFileType = folder.assetcatalog; path = Assets.xcassets; sourceTree = "<group>"; };
		52FAE0D823F014AB0074C4CF /* Base */ = {isa = PBXFileReference; lastKnownFileType = file.storyboard; name = Base; path = Base.lproj/LaunchScreen.storyboard; sourceTree = "<group>"; };
		52FAE0DA23F014AB0074C4CF /* Info.plist */ = {isa = PBXFileReference; lastKnownFileType = text.plist.xml; path = Info.plist; sourceTree = "<group>"; };
		52FAE0DF23F014AB0074C4CF /* TelstraPOCTests.xctest */ = {isa = PBXFileReference; explicitFileType = wrapper.cfbundle; includeInIndex = 0; path = TelstraPOCTests.xctest; sourceTree = BUILT_PRODUCTS_DIR; };
		52FAE0E323F014AB0074C4CF /* TelstraPOCTests.swift */ = {isa = PBXFileReference; lastKnownFileType = sourcecode.swift; path = TelstraPOCTests.swift; sourceTree = "<group>"; };
		52FAE0E523F014AB0074C4CF /* Info.plist */ = {isa = PBXFileReference; lastKnownFileType = text.plist.xml; path = Info.plist; sourceTree = "<group>"; };
/* End PBXFileReference section */

/* Begin PBXFrameworksBuildPhase section */
		52FAE0C623F014A80074C4CF /* Frameworks */ = {
			isa = PBXFrameworksBuildPhase;
			buildActionMask = 2147483647;
			files = (
			);
			runOnlyForDeploymentPostprocessing = 0;
		};
		52FAE0DC23F014AB0074C4CF /* Frameworks */ = {
			isa = PBXFrameworksBuildPhase;
			buildActionMask = 2147483647;
			files = (
			);
			runOnlyForDeploymentPostprocessing = 0;
		};
/* End PBXFrameworksBuildPhase section */

/* Begin PBXGroup section */
		52FAE0C023F014A80074C4CF = {
			isa = PBXGroup;
			children = (
				52FAE0CB23F014A80074C4CF /* TelstraPOC */,
				52FAE0E223F014AB0074C4CF /* TelstraPOCTests */,
				52FAE0CA23F014A80074C4CF /* Products */,
			);
			sourceTree = "<group>";
		};
		52FAE0CA23F014A80074C4CF /* Products */ = {
			isa = PBXGroup;
			children = (
				52FAE0C923F014A80074C4CF /* TelstraPOC.app */,
				52FAE0DF23F014AB0074C4CF /* TelstraPOCTests.xctest */,
			);
			name = Products;
			sourceTree = "<group>";
		};
		52FAE0CB23F014A80074C4CF /* TelstraPOC */ = {
			isa = PBXGroup;
			children = (
				52FAE0CC23F014A80074C4CF /* AppDelegate.swift */,
				52FAE0D023F014A80074C4CF /* ViewController.swift */,
				52FAE0D523F014AB0074C4CF /* Assets.xcassets */,
				52FAE0D723F014AB0074C4CF /* LaunchScreen.storyboard */,
				52FAE0DA23F014AB0074C4CF /* Info.plist */,
			);
			path = TelstraPOC;
			sourceTree = "<group>";
		};
		52FAE0E223F014AB0074C4CF /* TelstraPOCTests */ = {
			isa = PBXGroup;
			children = (
				52FAE0E323F014AB0074C4CF /* TelstraPOCTests.swift */,
				52FAE0E523F014AB0074C4CF /* Info.plist */,
			);
			path = TelstraPOCTests;
			sourceTree = "<group>";
		};
/* End PBXGroup section */

/* Begin PBXNativeTarget section */
		52FAE0C823F014A80074C4CF /* TelstraPOC */ = {
			isa = PBXNativeTarget;
			buildConfigurationList = 52FAE0E823F014AB0074C4CF /* Build configuration list for PBXNativeTarget "TelstraPOC" */;
			buildPhases = (
				52FAE0C523F014A80074C4CF /* Sources */,
				52FAE0C623F014A80074C4CF /* Frameworks */,
				52FAE0C723F014A80074C4CF /* Resources */,
			);
			buildRules = (
			);
			dependencies = (
			);
			name = TelstraPOC;
			productName = TelstraPOC;
			productReference = 52FAE0C923F014A80074C4CF /* TelstraPOC.app */;
			productType = "com.apple.product-type.application";
		};
		52FAE0DE23F014AB0074C4CF /* TelstraPOCTests */ = {
			isa = PBXNativeTarget;
			buildConfigurationList = 52FAE0EB23F014AB0074C4CF /* Build configuration list for PBXNativeTarget "TelstraPOCTests" */;
			buildPhases = (
				52FAE0DB23F014AB0074C4CF /* Sources */,
				52FAE0DC23F014AB0074C4CF /* Frameworks */,
				52FAE0DD23F014AB0074C4CF /* Resources */,
			);
			buildRules = (
			);
			dependencies = (
				52FAE0E123F014AB0074C4CF /* PBXTargetDependency */,
			);
			name = TelstraPOCTests;
			productName = TelstraPOCTests;
			productReference = 52FAE0DF23F014AB0074C4CF /* TelstraPOCTests.xctest */;
			productType = "com.apple.product-type.bundle.unit-test";
		};
/* End PBXNativeTarget section */

/* Begin PBXProject section */
		52FAE0C123F014A80074C4CF /* Project object */ = {
			isa = PBXProject;
			attributes = {
				LastSwiftUpdateCheck = 1130;
				LastUpgradeCheck = 1130;
				ORGANIZATIONNAME = Shubh;
				TargetAttributes = {
					52FAE0C823F014A80074C4CF = {
						CreatedOnToolsVersion = 11.3.1;
					};
					52FAE0DE23F014AB0074C4CF = {
						CreatedOnToolsVersion = 11.3.1;
						TestTargetID = 52FAE0C823F014A80074C4CF;
					};
				};
			};
			buildConfigurationList = 52FAE0C423F014A80074C4CF /* Build configuration list for PBXProject "TelstraPOC" */;
			compatibilityVersion = "Xcode 9.3";
			developmentRegion = en;
			hasScannedForEncodings = 0;
			knownRegions = (
				en,
				Base,
			);
			mainGroup = 52FAE0C023F014A80074C4CF;
			productRefGroup = 52FAE0CA23F014A80074C4CF /* Products */;
			projectDirPath = "";
			projectRoot = "";
			targets = (
				52FAE0C823F014A80074C4CF /* TelstraPOC */,
				52FAE0DE23F014AB0074C4CF /* TelstraPOCTests */,
			);
		};
/* End PBXProject section */

/* Begin PBXResourcesBuildPhase section */
		52FAE0C723F014A80074C4CF /* Resources */ = {
			isa = PBXResourcesBuildPhase;
			buildActionMask = 2147483647;
			files = (
				52FAE0D923F014AB0074C4CF /* LaunchScreen.storyboard in Resources */,
				52FAE0D623F014AB0074C4CF /* Assets.xcassets in Resources */,
			);
			runOnlyForDeploymentPostprocessing = 0;
		};
		52FAE0DD23F014AB0074C4CF /* Resources */ = {
			isa = PBXResourcesBuildPhase;
			buildActionMask = 2147483647;
			files = (
			);
			runOnlyForDeploymentPostprocessing = 0;
		};
/* End PBXResourcesBuildPhase section */

/* Begin PBXSourcesBuildPhase section */
		52FAE0C523F014A80074C4CF /* Sources */ = {
			isa = PBXSourcesBuildPhase;
			buildActionMask = 2147483647;
			files = (
				52FAE0D123F014A80074C4CF /* ViewController.swift in Sources */,
				52FAE0CD23F014A80074C4CF /* AppDelegate.swift in Sources */,
			);
			runOnlyForDeploymentPostprocessing = 0;
		};
		52FAE0DB23F014AB0074C4CF /* Sources */ = {
			isa = PBXSourcesBuildPhase;
			buildActionMask = 2147483647;
			files = (
				52FAE0E423F014AB0074C4CF /* TelstraPOCTests.swift in Sources */,
			);
			runOnlyForDeploymentPostprocessing = 0;
		};
/* End PBXSourcesBuildPhase section */

/* Begin PBXTargetDependency section */
		52FAE0E123F014AB0074C4CF /* PBXTargetDependency */ = {
			isa = PBXTargetDependency;
			target = 52FAE0C823F014A80074C4CF /* TelstraPOC */;
			targetProxy = 52FAE0E023F014AB0074C4CF /* PBXContainerItemProxy */;
		};
/* End PBXTargetDependency section */

/* Begin PBXVariantGroup section */
		52FAE0D723F014AB0074C4CF /* LaunchScreen.storyboard */ = {
			isa = PBXVariantGroup;
			children = (
				52FAE0D823F014AB0074C4CF /* Base */,
			);
			name = LaunchScreen.storyboard;
			sourceTree = "<group>";
		};
/* End PBXVariantGroup section */

/* Begin XCBuildConfiguration section */
		52FAE0E623F014AB0074C4CF /* Debug */ = {
			isa = XCBuildConfiguration;
			buildSettings = {
				ALWAYS_SEARCH_USER_PATHS = NO;
				CLANG_ANALYZER_NONNULL = YES;
				CLANG_ANALYZER_NUMBER_OBJECT_CONVERSION = YES_AGGRESSIVE;
				CLANG_CXX_LANGUAGE_STANDARD = "gnu++14";
				CLANG_CXX_LIBRARY = "libc++";
				CLANG_ENABLE_MODULES = YES;
				CLANG_ENABLE_OBJC_ARC = YES;
				CLANG_ENABLE_OBJC_WEAK = YES;
				CLANG_WARN_BLOCK_CAPTURE_AUTORELEASING = YES;
				CLANG_WARN_BOOL_CONVERSION = YES;
				CLANG_WARN_COMMA = YES;
				CLANG_WARN_CONSTANT_CONVERSION = YES;
				CLANG_WARN_DEPRECATED_OBJC_IMPLEMENTATIONS = YES;
				CLANG_WARN_DIRECT_OBJC_ISA_USAGE = YES_ERROR;
				CLANG_WARN_DOCUMENTATION_COMMENTS = YES;
				CLANG_WARN_EMPTY_BODY = YES;
				CLANG_WARN_ENUM_CONVERSION = YES;
				CLANG_WARN_INFINITE_RECURSION = YES;
				CLANG_WARN_INT_CONVERSION = YES;
				CLANG_WARN_NON_LITERAL_NULL_CONVERSION = YES;
				CLANG_WARN_OBJC_IMPLICIT_RETAIN_SELF = YES;
				CLANG_WARN_OBJC_LITERAL_CONVERSION = YES;
				CLANG_WARN_OBJC_ROOT_CLASS = YES_ERROR;
				CLANG_WARN_RANGE_LOOP_ANALYSIS = YES;
				CLANG_WARN_STRICT_PROTOTYPES = YES;
				CLANG_WARN_SUSPICIOUS_MOVE = YES;
				CLANG_WARN_UNGUARDED_AVAILABILITY = YES_AGGRESSIVE;
				CLANG_WARN_UNREACHABLE_CODE = YES;
				CLANG_WARN__DUPLICATE_METHOD_MATCH = YES;
				COPY_PHASE_STRIP = NO;
				DEBUG_INFORMATION_FORMAT = dwarf;
				ENABLE_STRICT_OBJC_MSGSEND = YES;
				ENABLE_TESTABILITY = YES;
				GCC_C_LANGUAGE_STANDARD = gnu11;
				GCC_DYNAMIC_NO_PIC = NO;
				GCC_NO_COMMON_BLOCKS = YES;
				GCC_OPTIMIZATION_LEVEL = 0;
				GCC_PREPROCESSOR_DEFINITIONS = (
					"DEBUG=1",
					"$(inherited)",
				);
				GCC_WARN_64_TO_32_BIT_CONVERSION = YES;
				GCC_WARN_ABOUT_RETURN_TYPE = YES_ERROR;
				GCC_WARN_UNDECLARED_SELECTOR = YES;
				GCC_WARN_UNINITIALIZED_AUTOS = YES_AGGRESSIVE;
				GCC_WARN_UNUSED_FUNCTION = YES;
				GCC_WARN_UNUSED_VARIABLE = YES;
				IPHONEOS_DEPLOYMENT_TARGET = 13.2;
				MTL_ENABLE_DEBUG_INFO = INCLUDE_SOURCE;
				MTL_FAST_MATH = YES;
				ONLY_ACTIVE_ARCH = YES;
				SDKROOT = iphoneos;
				SWIFT_ACTIVE_COMPILATION_CONDITIONS = DEBUG;
				SWIFT_OPTIMIZATION_LEVEL = "-Onone";
			};
			name = Debug;
		};
		52FAE0E723F014AB0074C4CF /* Release */ = {
			isa = XCBuildConfiguration;
			buildSettings = {
				ALWAYS_SEARCH_USER_PATHS = NO;
				CLANG_ANALYZER_NONNULL = YES;
				CLANG_ANALYZER_NUMBER_OBJECT_CONVERSION = YES_AGGRESSIVE;
				CLANG_CXX_LANGUAGE_STANDARD = "gnu++14";
				CLANG_CXX_LIBRARY = "libc++";
				CLANG_ENABLE_MODULES = YES;
				CLANG_ENABLE_OBJC_ARC = YES;
				CLANG_ENABLE_OBJC_WEAK = YES;
				CLANG_WARN_BLOCK_CAPTURE_AUTORELEASING = YES;
				CLANG_WARN_BOOL_CONVERSION = YES;
				CLANG_WARN_COMMA = YES;
				CLANG_WARN_CONSTANT_CONVERSION = YES;
				CLANG_WARN_DEPRECATED_OBJC_IMPLEMENTATIONS = YES;
				CLANG_WARN_DIRECT_OBJC_ISA_USAGE = YES_ERROR;
				CLANG_WARN_DOCUMENTATION_COMMENTS = YES;
				CLANG_WARN_EMPTY_BODY = YES;
				CLANG_WARN_ENUM_CONVERSION = YES;
				CLANG_WARN_INFINITE_RECURSION = YES;
				CLANG_WARN_INT_CONVERSION = YES;
				CLANG_WARN_NON_LITERAL_NULL_CONVERSION = YES;
				CLANG_WARN_OBJC_IMPLICIT_RETAIN_SELF = YES;
				CLANG_WARN_OBJC_LITERAL_CONVERSION = YES;
				CLANG_WARN_OBJC_ROOT_CLASS = YES_ERROR;
				CLANG_WARN_RANGE_LOOP_ANALYSIS = YES;
				CLANG_WARN_STRICT_PROTOTYPES = YES;
				CLANG_WARN_SUSPICIOUS_MOVE = YES;
				CLANG_WARN_UNGUARDED_AVAILABILITY = YES_AGGRESSIVE;
				CLANG_WARN_UNREACHABLE_CODE = YES;
				CLANG_WARN__DUPLICATE_METHOD_MATCH = YES;
				COPY_PHASE_STRIP = NO;
				DEBUG_INFORMATION_FORMAT = "dwarf-with-dsym";
				ENABLE_NS_ASSERTIONS = NO;
				ENABLE_STRICT_OBJC_MSGSEND = YES;
				GCC_C_LANGUAGE_STANDARD = gnu11;
				GCC_NO_COMMON_BLOCKS = YES;
				GCC_WARN_64_TO_32_BIT_CONVERSION = YES;
				GCC_WARN_ABOUT_RETURN_TYPE = YES_ERROR;
				GCC_WARN_UNDECLARED_SELECTOR = YES;
				GCC_WARN_UNINITIALIZED_AUTOS = YES_AGGRESSIVE;
				GCC_WARN_UNUSED_FUNCTION = YES;
				GCC_WARN_UNUSED_VARIABLE = YES;
				IPHONEOS_DEPLOYMENT_TARGET = 13.2;
				MTL_ENABLE_DEBUG_INFO = NO;
				MTL_FAST_MATH = YES;
				SDKROOT = iphoneos;
				SWIFT_COMPILATION_MODE = wholemodule;
				SWIFT_OPTIMIZATION_LEVEL = "-O";
				VALIDATE_PRODUCT = YES;
			};
			name = Release;
		};
		52FAE0E923F014AB0074C4CF /* Debug */ = {
			isa = XCBuildConfiguration;
			buildSettings = {
				ASSETCATALOG_COMPILER_APPICON_NAME = AppIcon;
				CODE_SIGN_STYLE = Automatic;
				DEVELOPMENT_TEAM = D23VUK52AN;
				INFOPLIST_FILE = TelstraPOC/Info.plist;
				IPHONEOS_DEPLOYMENT_TARGET = 11.0;
				LD_RUNPATH_SEARCH_PATHS = (
					"$(inherited)",
					"@executable_path/Frameworks",
				);
				PRODUCT_BUNDLE_IDENTIFIER = com.shubhtest.TelstraPOC;
				PRODUCT_NAME = "$(TARGET_NAME)";
				SWIFT_VERSION = 5.0;
				TARGETED_DEVICE_FAMILY = "1,2";
			};
			name = Debug;
		};
		52FAE0EA23F014AB0074C4CF /* Release */ = {
			isa = XCBuildConfiguration;
			buildSettings = {
				ASSETCATALOG_COMPILER_APPICON_NAME = AppIcon;
				CODE_SIGN_STYLE = Automatic;
				DEVELOPMENT_TEAM = D23VUK52AN;
				INFOPLIST_FILE = TelstraPOC/Info.plist;
				IPHONEOS_DEPLOYMENT_TARGET = 11.0;
				LD_RUNPATH_SEARCH_PATHS = (
					"$(inherited)",
					"@executable_path/Frameworks",
				);
				PRODUCT_BUNDLE_IDENTIFIER = com.shubhtest.TelstraPOC;
				PRODUCT_NAME = "$(TARGET_NAME)";
				SWIFT_VERSION = 5.0;
				TARGETED_DEVICE_FAMILY = "1,2";
			};
			name = Release;
		};
		52FAE0EC23F014AB0074C4CF /* Debug */ = {
			isa = XCBuildConfiguration;
			buildSettings = {
				ALWAYS_EMBED_SWIFT_STANDARD_LIBRARIES = YES;
				BUNDLE_LOADER = "$(TEST_HOST)";
				CODE_SIGN_STYLE = Automatic;
				DEVELOPMENT_TEAM = D23VUK52AN;
				INFOPLIST_FILE = TelstraPOCTests/Info.plist;
				IPHONEOS_DEPLOYMENT_TARGET = 13.2;
				LD_RUNPATH_SEARCH_PATHS = (
					"$(inherited)",
					"@executable_path/Frameworks",
					"@loader_path/Frameworks",
				);
				PRODUCT_BUNDLE_IDENTIFIER = com.shubhtest.TelstraPOCTests;
				PRODUCT_NAME = "$(TARGET_NAME)";
				SWIFT_VERSION = 5.0;
				TARGETED_DEVICE_FAMILY = "1,2";
				TEST_HOST = "$(BUILT_PRODUCTS_DIR)/TelstraPOC.app/TelstraPOC";
			};
			name = Debug;
		};
		52FAE0ED23F014AB0074C4CF /* Release */ = {
			isa = XCBuildConfiguration;
			buildSettings = {
				ALWAYS_EMBED_SWIFT_STANDARD_LIBRARIES = YES;
				BUNDLE_LOADER = "$(TEST_HOST)";
				CODE_SIGN_STYLE = Automatic;
				DEVELOPMENT_TEAM = D23VUK52AN;
				INFOPLIST_FILE = TelstraPOCTests/Info.plist;
				IPHONEOS_DEPLOYMENT_TARGET = 13.2;
				LD_RUNPATH_SEARCH_PATHS = (
					"$(inherited)",
					"@executable_path/Frameworks",
					"@loader_path/Frameworks",
				);
				PRODUCT_BUNDLE_IDENTIFIER = com.shubhtest.TelstraPOCTests;
				PRODUCT_NAME = "$(TARGET_NAME)";
				SWIFT_VERSION = 5.0;
				TARGETED_DEVICE_FAMILY = "1,2";
				TEST_HOST = "$(BUILT_PRODUCTS_DIR)/TelstraPOC.app/TelstraPOC";
			};
			name = Release;
		};
/* End XCBuildConfiguration section */

/* Begin XCConfigurationList section */
		52FAE0C423F014A80074C4CF /* Build configuration list for PBXProject "TelstraPOC" */ = {
			isa = XCConfigurationList;
			buildConfigurations = (
				52FAE0E623F014AB0074C4CF /* Debug */,
				52FAE0E723F014AB0074C4CF /* Release */,
			);
			defaultConfigurationIsVisible = 0;
			defaultConfigurationName = Release;
		};
		52FAE0E823F014AB0074C4CF /* Build configuration list for PBXNativeTarget "TelstraPOC" */ = {
			isa = XCConfigurationList;
			buildConfigurations = (
				52FAE0E923F014AB0074C4CF /* Debug */,
				52FAE0EA23F014AB0074C4CF /* Release */,
			);
			defaultConfigurationIsVisible = 0;
			defaultConfigurationName = Release;
		};
		52FAE0EB23F014AB0074C4CF /* Build configuration list for PBXNativeTarget "TelstraPOCTests" */ = {
			isa = XCConfigurationList;
			buildConfigurations = (
				52FAE0EC23F014AB0074C4CF /* Debug */,
				52FAE0ED23F014AB0074C4CF /* Release */,
			);
			defaultConfigurationIsVisible = 0;
			defaultConfigurationName = Release;
		};
/* End XCConfigurationList section */
	};
	rootObject = 52FAE0C123F014A80074C4CF /* Project object */;
}
